
Microsoft Visual Studio Solution File, Format Version 12.00
# Visual Studio 15
VisualStudioVersion = 15.0.26730.12
MinimumVisualStudioVersion = 10.0.40219.1
Project("{FAE04EC0-301F-11D3-BF4B-00C04F79EFBC}") = "DiceGame", "DiceGame\DiceGame.csproj", "{C44E8B49-D561-478B-B070-63C13EA430DD}"
EndProject
Global
	GlobalSection(SolutionConfigurationPlatforms) = preSolution
		Debug|Any CPU = Debug|Any CPU
		Release|Any CPU = Release|Any CPU
	EndGlobalSection
	GlobalSection(ProjectConfigurationPlatforms) = postSolution
		{C44E8B49-D561-478B-B070-63C13EA430DD}.Debug|Any CPU.ActiveCfg = Debug|Any CPU
		{C44E8B49-D561-478B-B070-63C13EA430DD}.Debug|Any CPU.Build.0 = Debug|Any CPU
		{C44E8B49-D561-478B-B070-63C13EA430DD}.Release|Any CPU.ActiveCfg = Release|Any CPU
		{C44E8B49-D561-478B-B070-63C13EA430DD}.Release|Any CPU.Build.0 = Release|Any CPU
	EndGlobalSection
	GlobalSection(SolutionProperties) = preSolution
		HideSolutionNode = FALSE
	EndGlobalSection
	GlobalSection(ExtensibilityGlobals) = postSolution
		SolutionGuid = {FD12611A-8C2E-4659-8A2B-C64BD1E66EF4}
	EndGlobalSection
EndGlobal
